
Microsoft Visual Studio Solution File, Format Version 12.00
# Visual Studio Version 17
VisualStudioVersion = 17.5.33530.505
MinimumVisualStudioVersion = 10.0.40219.1
Project("{2150E333-8FDC-42A3-9474-1A3956D46DE8}") = "src", "src", "{E3DF2E96-B5E4-4E20-B5FE-7503E951B557}"
EndProject
Project("{2150E333-8FDC-42A3-9474-1A3956D46DE8}") = "ui", "ui", "{721F3A74-6DAE-4134-A088-EA435CF6B341}"
EndProject
Project("{9A19103F-16F7-4668-BE54-9A1E7A4F7556}") = "ECG.Avalonia.WPF", "ui\ECG.Avalonia.WPF\ECG.Avalonia.WPF.csproj", "{5173E6C9-720C-4DB4-B412-94F622196B6E}"
EndProject
Project("{9A19103F-16F7-4668-BE54-9A1E7A4F7556}") = "ECG.Contracts", "src\ECG.Contracts\ECG.Contracts.csproj", "{0934A2FD-8B7F-4A83-809C-C3532AC001A6}"
EndProject
Project("{9A19103F-16F7-4668-BE54-9A1E7A4F7556}") = "ECG.Core", "src\ECG.Core\ECG.Core.csproj", "{14A7F0FF-F351-45E9-BFAF-B5A84018474E}"
EndProject
Project("{2150E333-8FDC-42A3-9474-1A3956D46DE8}") = "tests", "tests", "{E0C59023-8A0F-4239-BE6F-DD5DBC3B8E30}"
EndProject
Project("{9A19103F-16F7-4668-BE54-9A1E7A4F7556}") = "ECG.Core.Tests", "tests\ECG.Core.Tests\ECG.Core.Tests.csproj", "{273143C5-DA4B-402A-96C2-EBDFA2E0C01D}"
EndProject
Global
	GlobalSection(SolutionConfigurationPlatforms) = preSolution
		Debug|Any CPU = Debug|Any CPU
		Release|Any CPU = Release|Any CPU
	EndGlobalSection
	GlobalSection(ProjectConfigurationPlatforms) = postSolution
		{5173E6C9-720C-4DB4-B412-94F622196B6E}.Debug|Any CPU.ActiveCfg = Debug|Any CPU
		{5173E6C9-720C-4DB4-B412-94F622196B6E}.Debug|Any CPU.Build.0 = Debug|Any CPU
		{5173E6C9-720C-4DB4-B412-94F622196B6E}.Release|Any CPU.ActiveCfg = Release|Any CPU
		{5173E6C9-720C-4DB4-B412-94F622196B6E}.Release|Any CPU.Build.0 = Release|Any CPU
		{0934A2FD-8B7F-4A83-809C-C3532AC001A6}.Debug|Any CPU.ActiveCfg = Debug|Any CPU
		{0934A2FD-8B7F-4A83-809C-C3532AC001A6}.Debug|Any CPU.Build.0 = Debug|Any CPU
		{0934A2FD-8B7F-4A83-809C-C3532AC001A6}.Release|Any CPU.ActiveCfg = Release|Any CPU
		{0934A2FD-8B7F-4A83-809C-C3532AC001A6}.Release|Any CPU.Build.0 = Release|Any CPU
		{14A7F0FF-F351-45E9-BFAF-B5A84018474E}.Debug|Any CPU.ActiveCfg = Debug|Any CPU
		{14A7F0FF-F351-45E9-BFAF-B5A84018474E}.Debug|Any CPU.Build.0 = Debug|Any CPU
		{14A7F0FF-F351-45E9-BFAF-B5A84018474E}.Release|Any CPU.ActiveCfg = Release|Any CPU
		{14A7F0FF-F351-45E9-BFAF-B5A84018474E}.Release|Any CPU.Build.0 = Release|Any CPU
		{273143C5-DA4B-402A-96C2-EBDFA2E0C01D}.Debug|Any CPU.ActiveCfg = Debug|Any CPU
		{273143C5-DA4B-402A-96C2-EBDFA2E0C01D}.Debug|Any CPU.Build.0 = Debug|Any CPU
		{273143C5-DA4B-402A-96C2-EBDFA2E0C01D}.Release|Any CPU.ActiveCfg = Release|Any CPU
		{273143C5-DA4B-402A-96C2-EBDFA2E0C01D}.Release|Any CPU.Build.0 = Release|Any CPU
	EndGlobalSection
	GlobalSection(SolutionProperties) = preSolution
		HideSolutionNode = FALSE
	EndGlobalSection
	GlobalSection(NestedProjects) = preSolution
		{5173E6C9-720C-4DB4-B412-94F622196B6E} = {721F3A74-6DAE-4134-A088-EA435CF6B341}
		{0934A2FD-8B7F-4A83-809C-C3532AC001A6} = {E3DF2E96-B5E4-4E20-B5FE-7503E951B557}
		{14A7F0FF-F351-45E9-BFAF-B5A84018474E} = {E3DF2E96-B5E4-4E20-B5FE-7503E951B557}
		{273143C5-DA4B-402A-96C2-EBDFA2E0C01D} = {E0C59023-8A0F-4239-BE6F-DD5DBC3B8E30}
	EndGlobalSection
EndGlobal
